
Microsoft Visual Studio Solution File, Format Version 12.00
# Visual Studio 15
VisualStudioVersion = 15.0.28010.2046
MinimumVisualStudioVersion = 10.0.40219.1
Project("{FAE04EC0-301F-11D3-BF4B-00C04F79EFBC}") = "projetoreferencia", "projetoreferencia\projetoreferencia.csproj", "{C6B15A5F-8C15-49EF-967F-F0ADC6B73736}"
EndProject
Global
	GlobalSection(SolutionConfigurationPlatforms) = preSolution
		Debug|Any CPU = Debug|Any CPU
		Release|Any CPU = Release|Any CPU
	EndGlobalSection
	GlobalSection(ProjectConfigurationPlatforms) = postSolution
		{C6B15A5F-8C15-49EF-967F-F0ADC6B73736}.Debug|Any CPU.ActiveCfg = Debug|Any CPU
		{C6B15A5F-8C15-49EF-967F-F0ADC6B73736}.Debug|Any CPU.Build.0 = Debug|Any CPU
		{C6B15A5F-8C15-49EF-967F-F0ADC6B73736}.Release|Any CPU.ActiveCfg = Release|Any CPU
		{C6B15A5F-8C15-49EF-967F-F0ADC6B73736}.Release|Any CPU.Build.0 = Release|Any CPU
	EndGlobalSection
	GlobalSection(SolutionProperties) = preSolution
		HideSolutionNode = FALSE
	EndGlobalSection
	GlobalSection(ExtensibilityGlobals) = postSolution
		SolutionGuid = {8FFD232C-EA4C-4CE4-A317-B53D1065AC50}
	EndGlobalSection
EndGlobal
